
Microsoft Visual Studio Solution File, Format Version 12.00
# Visual Studio Version 17
VisualStudioVersion = 17.14.36401.2 d17.14
MinimumVisualStudioVersion = 10.0.40219.1
Project("{FAE04EC0-301F-11D3-BF4B-00C04F79EFBC}") = "KSPLocalizationTool", "KSPLocalizationTool\KSPLocalizationTool.csproj", "{F2608DDD-A22D-484A-8F51-A22EF6F0C131}"
EndProject
Global
	GlobalSection(SolutionConfigurationPlatforms) = preSolution
		Debug|Any CPU = Debug|Any CPU
		Release|Any CPU = Release|Any CPU
	EndGlobalSection
	GlobalSection(ProjectConfigurationPlatforms) = postSolution
		{F2608DDD-A22D-484A-8F51-A22EF6F0C131}.Debug|Any CPU.ActiveCfg = Debug|Any CPU
		{F2608DDD-A22D-484A-8F51-A22EF6F0C131}.Debug|Any CPU.Build.0 = Debug|Any CPU
		{F2608DDD-A22D-484A-8F51-A22EF6F0C131}.Release|Any CPU.ActiveCfg = Release|Any CPU
		{F2608DDD-A22D-484A-8F51-A22EF6F0C131}.Release|Any CPU.Build.0 = Release|Any CPU
	EndGlobalSection
	GlobalSection(SolutionProperties) = preSolution
		HideSolutionNode = FALSE
	EndGlobalSection
	GlobalSection(ExtensibilityGlobals) = postSolution
		SolutionGuid = {B36E73E6-1520-4721-9C93-06178D7CF10C}
	EndGlobalSection
EndGlobal
